
Microsoft Visual Studio Solution File, Format Version 12.00
# Visual Studio Version 17
VisualStudioVersion = 17.14.36221.1
MinimumVisualStudioVersion = 10.0.40219.1
Project("{8BC9CEB8-8B4A-11D0-8D11-00A0C91BC942}") = "CPP", "CPP\CPP.vcxproj", "{AD6EE5B6-937A-49F7-9366-8C2B19735F1D}"
EndProject
Project("{FAE04EC0-301F-11D3-BF4B-00C04F79EFBC}") = "CS", "CS\CS.csproj", "{A107A712-802C-4538-AEB4-670C07A2753A}"
EndProject
Project("{888888A0-9F3D-457C-B088-3A5042F75D52}") = "Python", "Python\Python.pyproj", "{E39C9790-564A-42A7-AA0E-D42246566E4B}"
EndProject
Global
	GlobalSection(SolutionConfigurationPlatforms) = preSolution
		Debug|Any CPU = Debug|Any CPU
		Debug|x64 = Debug|x64
		Debug|x86 = Debug|x86
		Release|Any CPU = Release|Any CPU
		Release|x64 = Release|x64
		Release|x86 = Release|x86
	EndGlobalSection
	GlobalSection(ProjectConfigurationPlatforms) = postSolution
		{AD6EE5B6-937A-49F7-9366-8C2B19735F1D}.Debug|Any CPU.ActiveCfg = Debug|x64
		{AD6EE5B6-937A-49F7-9366-8C2B19735F1D}.Debug|Any CPU.Build.0 = Debug|x64
		{AD6EE5B6-937A-49F7-9366-8C2B19735F1D}.Debug|x64.ActiveCfg = Debug|x64
		{AD6EE5B6-937A-49F7-9366-8C2B19735F1D}.Debug|x64.Build.0 = Debug|x64
		{AD6EE5B6-937A-49F7-9366-8C2B19735F1D}.Debug|x86.ActiveCfg = Debug|Win32
		{AD6EE5B6-937A-49F7-9366-8C2B19735F1D}.Debug|x86.Build.0 = Debug|Win32
		{AD6EE5B6-937A-49F7-9366-8C2B19735F1D}.Release|Any CPU.ActiveCfg = Release|x64
		{AD6EE5B6-937A-49F7-9366-8C2B19735F1D}.Release|Any CPU.Build.0 = Release|x64
		{AD6EE5B6-937A-49F7-9366-8C2B19735F1D}.Release|x64.ActiveCfg = Release|x64
		{AD6EE5B6-937A-49F7-9366-8C2B19735F1D}.Release|x64.Build.0 = Release|x64
		{AD6EE5B6-937A-49F7-9366-8C2B19735F1D}.Release|x86.ActiveCfg = Release|Win32
		{AD6EE5B6-937A-49F7-9366-8C2B19735F1D}.Release|x86.Build.0 = Release|Win32
		{A107A712-802C-4538-AEB4-670C07A2753A}.Debug|Any CPU.ActiveCfg = Debug|Any CPU
		{A107A712-802C-4538-AEB4-670C07A2753A}.Debug|Any CPU.Build.0 = Debug|Any CPU
		{A107A712-802C-4538-AEB4-670C07A2753A}.Debug|x64.ActiveCfg = Debug|Any CPU
		{A107A712-802C-4538-AEB4-670C07A2753A}.Debug|x64.Build.0 = Debug|Any CPU
		{A107A712-802C-4538-AEB4-670C07A2753A}.Debug|x86.ActiveCfg = Debug|Any CPU
		{A107A712-802C-4538-AEB4-670C07A2753A}.Debug|x86.Build.0 = Debug|Any CPU
		{A107A712-802C-4538-AEB4-670C07A2753A}.Release|Any CPU.ActiveCfg = Release|Any CPU
		{A107A712-802C-4538-AEB4-670C07A2753A}.Release|Any CPU.Build.0 = Release|Any CPU
		{A107A712-802C-4538-AEB4-670C07A2753A}.Release|x64.ActiveCfg = Release|Any CPU
		{A107A712-802C-4538-AEB4-670C07A2753A}.Release|x64.Build.0 = Release|Any CPU
		{A107A712-802C-4538-AEB4-670C07A2753A}.Release|x86.ActiveCfg = Release|Any CPU
		{A107A712-802C-4538-AEB4-670C07A2753A}.Release|x86.Build.0 = Release|Any CPU
		{E39C9790-564A-42A7-AA0E-D42246566E4B}.Debug|Any CPU.ActiveCfg = Debug|Any CPU
		{E39C9790-564A-42A7-AA0E-D42246566E4B}.Debug|x64.ActiveCfg = Debug|Any CPU
		{E39C9790-564A-42A7-AA0E-D42246566E4B}.Debug|x86.ActiveCfg = Debug|Any CPU
		{E39C9790-564A-42A7-AA0E-D42246566E4B}.Release|Any CPU.ActiveCfg = Release|Any CPU
		{E39C9790-564A-42A7-AA0E-D42246566E4B}.Release|x64.ActiveCfg = Release|Any CPU
		{E39C9790-564A-42A7-AA0E-D42246566E4B}.Release|x86.ActiveCfg = Release|Any CPU
	EndGlobalSection
	GlobalSection(SolutionProperties) = preSolution
		HideSolutionNode = FALSE
	EndGlobalSection
	GlobalSection(ExtensibilityGlobals) = postSolution
		SolutionGuid = {CF94C82F-DF4C-4707-8078-286C10870F1D}
	EndGlobalSection
EndGlobal
